
Microsoft Visual Studio Solution File, Format Version 12.00
# Visual Studio Version 16
VisualStudioVersion = 16.0.29009.5
MinimumVisualStudioVersion = 10.0.40219.1
Project("{FAE04EC0-301F-11D3-BF4B-00C04F79EFBC}") = "Chapter_2", "Chapter_2\Chapter_2.csproj", "{96A5C369-F2D8-45D2-90EB-50AC479AA94D}"
EndProject
Project("{FAE04EC0-301F-11D3-BF4B-00C04F79EFBC}") = "Chapter_2_ClassLib", "Chapter_2_ClassLib\Chapter_2_ClassLib.csproj", "{65E39D93-34A3-4BC8-BE6C-071A54925A80}"
EndProject
Project("{FAE04EC0-301F-11D3-BF4B-00C04F79EFBC}") = "Chapter_2_Example_1", "Chapter_2_Example_1\Chapter_2_Example_1.csproj", "{2BE38DF9-D3A4-4325-9FBB-1A403917C268}"
EndProject
Project("{FAE04EC0-301F-11D3-BF4B-00C04F79EFBC}") = "Chapter_2_Example_2", "Chapter_2_Example_2\Chapter_2_Example_2.csproj", "{AA919DC5-446E-4B2E-BEFB-98126AB590D7}"
EndProject
Project("{FAE04EC0-301F-11D3-BF4B-00C04F79EFBC}") = "Chapter_2_Example_3", "Chapter_2_Example_3\Chapter_2_Example_3.csproj", "{3FB84560-4913-482E-AC20-3DBCC2EDCB16}"
EndProject
Global
	GlobalSection(SolutionConfigurationPlatforms) = preSolution
		Debug|Any CPU = Debug|Any CPU
		Release|Any CPU = Release|Any CPU
	EndGlobalSection
	GlobalSection(ProjectConfigurationPlatforms) = postSolution
		{96A5C369-F2D8-45D2-90EB-50AC479AA94D}.Debug|Any CPU.ActiveCfg = Debug|Any CPU
		{96A5C369-F2D8-45D2-90EB-50AC479AA94D}.Debug|Any CPU.Build.0 = Debug|Any CPU
		{96A5C369-F2D8-45D2-90EB-50AC479AA94D}.Release|Any CPU.ActiveCfg = Release|Any CPU
		{96A5C369-F2D8-45D2-90EB-50AC479AA94D}.Release|Any CPU.Build.0 = Release|Any CPU
		{65E39D93-34A3-4BC8-BE6C-071A54925A80}.Debug|Any CPU.ActiveCfg = Debug|Any CPU
		{65E39D93-34A3-4BC8-BE6C-071A54925A80}.Debug|Any CPU.Build.0 = Debug|Any CPU
		{65E39D93-34A3-4BC8-BE6C-071A54925A80}.Release|Any CPU.ActiveCfg = Release|Any CPU
		{65E39D93-34A3-4BC8-BE6C-071A54925A80}.Release|Any CPU.Build.0 = Release|Any CPU
		{2BE38DF9-D3A4-4325-9FBB-1A403917C268}.Debug|Any CPU.ActiveCfg = Debug|Any CPU
		{2BE38DF9-D3A4-4325-9FBB-1A403917C268}.Debug|Any CPU.Build.0 = Debug|Any CPU
		{2BE38DF9-D3A4-4325-9FBB-1A403917C268}.Release|Any CPU.ActiveCfg = Release|Any CPU
		{2BE38DF9-D3A4-4325-9FBB-1A403917C268}.Release|Any CPU.Build.0 = Release|Any CPU
		{AA919DC5-446E-4B2E-BEFB-98126AB590D7}.Debug|Any CPU.ActiveCfg = Debug|Any CPU
		{AA919DC5-446E-4B2E-BEFB-98126AB590D7}.Debug|Any CPU.Build.0 = Debug|Any CPU
		{AA919DC5-446E-4B2E-BEFB-98126AB590D7}.Release|Any CPU.ActiveCfg = Release|Any CPU
		{AA919DC5-446E-4B2E-BEFB-98126AB590D7}.Release|Any CPU.Build.0 = Release|Any CPU
		{3FB84560-4913-482E-AC20-3DBCC2EDCB16}.Debug|Any CPU.ActiveCfg = Debug|Any CPU
		{3FB84560-4913-482E-AC20-3DBCC2EDCB16}.Debug|Any CPU.Build.0 = Debug|Any CPU
		{3FB84560-4913-482E-AC20-3DBCC2EDCB16}.Release|Any CPU.ActiveCfg = Release|Any CPU
		{3FB84560-4913-482E-AC20-3DBCC2EDCB16}.Release|Any CPU.Build.0 = Release|Any CPU
	EndGlobalSection
	GlobalSection(SolutionProperties) = preSolution
		HideSolutionNode = FALSE
	EndGlobalSection
	GlobalSection(ExtensibilityGlobals) = postSolution
		SolutionGuid = {8D832CE9-2628-4496-A9F4-A130A0798B15}
	EndGlobalSection
EndGlobal
